
Microsoft Visual Studio Solution File, Format Version 12.00
# Visual Studio Version 17
VisualStudioVersion = 17.11.35219.272
MinimumVisualStudioVersion = 10.0.40219.1
Project("{FAE04EC0-301F-11D3-BF4B-00C04F79EFBC}") = "SalesCommissionsAPI", "SalesCommissionsAPI.csproj", "{1B055AD2-9CC3-4533-A1F0-80CE65CB1A6F}"
EndProject
Global
	GlobalSection(SolutionConfigurationPlatforms) = preSolution
		Debug|Any CPU = Debug|Any CPU
		Release|Any CPU = Release|Any CPU
	EndGlobalSection
	GlobalSection(ProjectConfigurationPlatforms) = postSolution
		{1B055AD2-9CC3-4533-A1F0-80CE65CB1A6F}.Debug|Any CPU.ActiveCfg = Debug|Any CPU
		{1B055AD2-9CC3-4533-A1F0-80CE65CB1A6F}.Debug|Any CPU.Build.0 = Debug|Any CPU
		{1B055AD2-9CC3-4533-A1F0-80CE65CB1A6F}.Release|Any CPU.ActiveCfg = Release|Any CPU
		{1B055AD2-9CC3-4533-A1F0-80CE65CB1A6F}.Release|Any CPU.Build.0 = Release|Any CPU
	EndGlobalSection
	GlobalSection(SolutionProperties) = preSolution
		HideSolutionNode = FALSE
	EndGlobalSection
	GlobalSection(ExtensibilityGlobals) = postSolution
		SolutionGuid = {15FAB4B1-DBB7-4D5F-AF94-CC9D1EB1C8A8}
	EndGlobalSection
EndGlobal
